// !$*UTF8*$!
{
	archiveVersion = 1;
	classes = {
	};
	objectVersion = 56;
	objects = {

/* Begin PBXBuildFile section */
		3FAABE5D647A5D263B9CCFD6 /* Pods_LiveTranslateOffline.framework in Frameworks */ = {isa = PBXBuildFile; fileRef = 27177996F9086F194A298A85 /* Pods_LiveTranslateOffline.framework */; };
		451CB15B2D2DF5AF00EAF2A7 /* GoogleDataTransport.framework in Frameworks */ = {isa = PBXBuildFile; fileRef = 451CB15A2D2DF5AF00EAF2A7 /* GoogleDataTransport.framework */; };
		451CB15D2D2DF5AF00EAF2A7 /* GoogleToolboxForMac.framework in Frameworks */ = {isa = PBXBuildFile; fileRef = 451CB15C2D2DF5AF00EAF2A7 /* GoogleToolboxForMac.framework */; };
		451CB15F2D2DF5AF00EAF2A7 /* GoogleUtilities.framework in Frameworks */ = {isa = PBXBuildFile; fileRef = 451CB15E2D2DF5AF00EAF2A7 /* GoogleUtilities.framework */; };
		451CB1612D2DF5AF00EAF2A7 /* GTMSessionFetcher.framework in Frameworks */ = {isa = PBXBuildFile; fileRef = 451CB1602D2DF5AF00EAF2A7 /* GTMSessionFetcher.framework */; };
		451CB1632D2DF5AF00EAF2A7 /* nanopb.framework in Frameworks */ = {isa = PBXBuildFile; fileRef = 451CB1622D2DF5AF00EAF2A7 /* nanopb.framework */; };
		451CB1652D2DF5AF00EAF2A7 /* FBLPromises.framework in Frameworks */ = {isa = PBXBuildFile; fileRef = 451CB1642D2DF5AF00EAF2A7 /* FBLPromises.framework */; };
		451CB1672D2DF5AF00EAF2A7 /* SSZipArchive.framework in Frameworks */ = {isa = PBXBuildFile; fileRef = 451CB1662D2DF5AF00EAF2A7 /* SSZipArchive.framework */; };
		45859B412D2DE3C700AD6E39 /* LiveTranslateOfflineApp.swift in Sources */ = {isa = PBXBuildFile; fileRef = 45859B402D2DE3C700AD6E39 /* LiveTranslateOfflineApp.swift */; };
		45859B432D2DE3C700AD6E39 /* ContentView.swift in Sources */ = {isa = PBXBuildFile; fileRef = 45859B422D2DE3C700AD6E39 /* ContentView.swift */; };
		45859B452D2DE3C700AD6E39 /* Assets.xcassets in Resources */ = {isa = PBXBuildFile; fileRef = 45859B442D2DE3C700AD6E39 /* Assets.xcassets */; };
		45859B482D2DE3C700AD6E39 /* Preview Assets.xcassets in Resources */ = {isa = PBXBuildFile; fileRef = 45859B472D2DE3C700AD6E39 /* Preview Assets.xcassets */; };
		45859B582D2DE57F00AD6E39 /* onnxruntime.xcframework in Frameworks */ = {isa = PBXBuildFile; fileRef = 45859B542D2DE57400AD6E39 /* onnxruntime.xcframework */; };
		45859B592D2DE57F00AD6E39 /* onnxruntime.xcframework in Embed Frameworks */ = {isa = PBXBuildFile; fileRef = 45859B542D2DE57400AD6E39 /* onnxruntime.xcframework */; settings = {ATTRIBUTES = (CodeSignOnCopy, RemoveHeadersOnCopy, ); }; };
		45859B5B2D2DE58000AD6E39 /* sherpa-onnx.xcframework in Frameworks */ = {isa = PBXBuildFile; fileRef = 45859B552D2DE57500AD6E39 /* sherpa-onnx.xcframework */; };
		45859B5C2D2DE58000AD6E39 /* sherpa-onnx.xcframework in Embed Frameworks */ = {isa = PBXBuildFile; fileRef = 45859B552D2DE57500AD6E39 /* sherpa-onnx.xcframework */; settings = {ATTRIBUTES = (CodeSignOnCopy, RemoveHeadersOnCopy, ); }; };
		45859B5E2D2DE5A100AD6E39 /* Sherpa.swift in Sources */ = {isa = PBXBuildFile; fileRef = 45859B5D2D2DE5A100AD6E39 /* Sherpa.swift */; };
		45859B612D2DE7DC00AD6E39 /* Models.swift in Sources */ = {isa = PBXBuildFile; fileRef = 45859B602D2DE7DC00AD6E39 /* Models.swift */; };
		45859B692D2DE97C00AD6E39 /* SourceLanguage.swift in Sources */ = {isa = PBXBuildFile; fileRef = 45859B682D2DE97C00AD6E39 /* SourceLanguage.swift */; };
		45859B6B2D2DEA6A00AD6E39 /* WhisperVADProcessor.swift in Sources */ = {isa = PBXBuildFile; fileRef = 45859B6A2D2DEA6A00AD6E39 /* WhisperVADProcessor.swift */; };
		45859B6D2D2DEBD600AD6E39 /* silero_vad.onnx in Resources */ = {isa = PBXBuildFile; fileRef = 45859B6C2D2DEBD600AD6E39 /* silero_vad.onnx */; };
		459ABF1E2D2DF8C20075EF9C /* base-encoder.int8.onnx in Resources */ = {isa = PBXBuildFile; fileRef = 459ABF1C2D2DF8BF0075EF9C /* base-encoder.int8.onnx */; };
		459ABF1F2D2DF8C20075EF9C /* base-decoder.int8.onnx in Resources */ = {isa = PBXBuildFile; fileRef = 459ABF1D2D2DF8C20075EF9C /* base-decoder.int8.onnx */; };
		459ABF212D2DF8C40075EF9C /* base-tokens.txt in Resources */ = {isa = PBXBuildFile; fileRef = 459ABF202D2DF8C40075EF9C /* base-tokens.txt */; };
/* End PBXBuildFile section */

/* Begin PBXCopyFilesBuildPhase section */
		45859B5A2D2DE57F00AD6E39 /* Embed Frameworks */ = {
			isa = PBXCopyFilesBuildPhase;
			buildActionMask = 2147483647;
			dstPath = "";
			dstSubfolderSpec = 10;
			files = (
				45859B592D2DE57F00AD6E39 /* onnxruntime.xcframework in Embed Frameworks */,
				45859B5C2D2DE58000AD6E39 /* sherpa-onnx.xcframework in Embed Frameworks */,
			);
			name = "Embed Frameworks";
			runOnlyForDeploymentPostprocessing = 0;
		};
/* End PBXCopyFilesBuildPhase section */

/* Begin PBXFileReference section */
		27177996F9086F194A298A85 /* Pods_LiveTranslateOffline.framework */ = {isa = PBXFileReference; explicitFileType = wrapper.framework; includeInIndex = 0; path = Pods_LiveTranslateOffline.framework; sourceTree = BUILT_PRODUCTS_DIR; };
		451CB15A2D2DF5AF00EAF2A7 /* GoogleDataTransport.framework */ = {isa = PBXFileReference; explicitFileType = wrapper.framework; path = GoogleDataTransport.framework; sourceTree = BUILT_PRODUCTS_DIR; };
		451CB15C2D2DF5AF00EAF2A7 /* GoogleToolboxForMac.framework */ = {isa = PBXFileReference; explicitFileType = wrapper.framework; path = GoogleToolboxForMac.framework; sourceTree = BUILT_PRODUCTS_DIR; };
		451CB15E2D2DF5AF00EAF2A7 /* GoogleUtilities.framework */ = {isa = PBXFileReference; explicitFileType = wrapper.framework; path = GoogleUtilities.framework; sourceTree = BUILT_PRODUCTS_DIR; };
		451CB1602D2DF5AF00EAF2A7 /* GTMSessionFetcher.framework */ = {isa = PBXFileReference; explicitFileType = wrapper.framework; path = GTMSessionFetcher.framework; sourceTree = BUILT_PRODUCTS_DIR; };
		451CB1622D2DF5AF00EAF2A7 /* nanopb.framework */ = {isa = PBXFileReference; explicitFileType = wrapper.framework; path = nanopb.framework; sourceTree = BUILT_PRODUCTS_DIR; };
		451CB1642D2DF5AF00EAF2A7 /* FBLPromises.framework */ = {isa = PBXFileReference; explicitFileType = wrapper.framework; path = FBLPromises.framework; sourceTree = BUILT_PRODUCTS_DIR; };
		451CB1662D2DF5AF00EAF2A7 /* SSZipArchive.framework */ = {isa = PBXFileReference; explicitFileType = wrapper.framework; path = SSZipArchive.framework; sourceTree = BUILT_PRODUCTS_DIR; };
		45859B3D2D2DE3C700AD6E39 /* LiveTranslateOffline.app */ = {isa = PBXFileReference; explicitFileType = wrapper.application; includeInIndex = 0; path = LiveTranslateOffline.app; sourceTree = BUILT_PRODUCTS_DIR; };
		45859B402D2DE3C700AD6E39 /* LiveTranslateOfflineApp.swift */ = {isa = PBXFileReference; lastKnownFileType = sourcecode.swift; path = LiveTranslateOfflineApp.swift; sourceTree = "<group>"; };
		45859B422D2DE3C700AD6E39 /* ContentView.swift */ = {isa = PBXFileReference; lastKnownFileType = sourcecode.swift; path = ContentView.swift; sourceTree = "<group>"; };
		45859B442D2DE3C700AD6E39 /* Assets.xcassets */ = {isa = PBXFileReference; lastKnownFileType = folder.assetcatalog; path = Assets.xcassets; sourceTree = "<group>"; };
		45859B472D2DE3C700AD6E39 /* Preview Assets.xcassets */ = {isa = PBXFileReference; lastKnownFileType = folder.assetcatalog; path = "Preview Assets.xcassets"; sourceTree = "<group>"; };
		45859B492D2DE3C700AD6E39 /* LiveTranslateOffline.entitlements */ = {isa = PBXFileReference; lastKnownFileType = text.plist.entitlements; path = LiveTranslateOffline.entitlements; sourceTree = "<group>"; };
		45859B542D2DE57400AD6E39 /* onnxruntime.xcframework */ = {isa = PBXFileReference; lastKnownFileType = wrapper.xcframework; path = onnxruntime.xcframework; sourceTree = "<group>"; };
		45859B552D2DE57500AD6E39 /* sherpa-onnx.xcframework */ = {isa = PBXFileReference; lastKnownFileType = wrapper.xcframework; path = "sherpa-onnx.xcframework"; sourceTree = "<group>"; };
		45859B5D2D2DE5A100AD6E39 /* Sherpa.swift */ = {isa = PBXFileReference; lastKnownFileType = sourcecode.swift; path = Sherpa.swift; sourceTree = "<group>"; };
		45859B5F2D2DE67500AD6E39 /* Bridge.h */ = {isa = PBXFileReference; lastKnownFileType = sourcecode.c.h; path = Bridge.h; sourceTree = "<group>"; };
		45859B602D2DE7DC00AD6E39 /* Models.swift */ = {isa = PBXFileReference; lastKnownFileType = sourcecode.swift; path = Models.swift; sourceTree = "<group>"; };
		45859B682D2DE97C00AD6E39 /* SourceLanguage.swift */ = {isa = PBXFileReference; lastKnownFileType = sourcecode.swift; path = SourceLanguage.swift; sourceTree = "<group>"; };
		45859B6A2D2DEA6A00AD6E39 /* WhisperVADProcessor.swift */ = {isa = PBXFileReference; lastKnownFileType = sourcecode.swift; path = WhisperVADProcessor.swift; sourceTree = "<group>"; };
		45859B6C2D2DEBD600AD6E39 /* silero_vad.onnx */ = {isa = PBXFileReference; lastKnownFileType = file; path = silero_vad.onnx; sourceTree = "<group>"; };
		45859B702D2DEFDF00AD6E39 /* Info.plist */ = {isa = PBXFileReference; fileEncoding = 4; lastKnownFileType = text.plist.xml; path = Info.plist; sourceTree = "<group>"; };
		459ABF1C2D2DF8BF0075EF9C /* base-encoder.int8.onnx */ = {isa = PBXFileReference; lastKnownFileType = file; path = "base-encoder.int8.onnx"; sourceTree = "<group>"; };
		459ABF1D2D2DF8C20075EF9C /* base-decoder.int8.onnx */ = {isa = PBXFileReference; lastKnownFileType = file; path = "base-decoder.int8.onnx"; sourceTree = "<group>"; };
		459ABF202D2DF8C40075EF9C /* base-tokens.txt */ = {isa = PBXFileReference; fileEncoding = 4; lastKnownFileType = text; path = "base-tokens.txt"; sourceTree = "<group>"; };
		611B8528A8E1734BFE74AFCA /* Pods-LiveTranslateOffline.debug.xcconfig */ = {isa = PBXFileReference; includeInIndex = 1; lastKnownFileType = text.xcconfig; name = "Pods-LiveTranslateOffline.debug.xcconfig"; path = "Target Support Files/Pods-LiveTranslateOffline/Pods-LiveTranslateOffline.debug.xcconfig"; sourceTree = "<group>"; };
		84A06E5A41DC3F63860F527F /* Pods-LiveTranslateOffline.release.xcconfig */ = {isa = PBXFileReference; includeInIndex = 1; lastKnownFileType = text.xcconfig; name = "Pods-LiveTranslateOffline.release.xcconfig"; path = "Target Support Files/Pods-LiveTranslateOffline/Pods-LiveTranslateOffline.release.xcconfig"; sourceTree = "<group>"; };
/* End PBXFileReference section */

/* Begin PBXFrameworksBuildPhase section */
		45859B3A2D2DE3C700AD6E39 /* Frameworks */ = {
			isa = PBXFrameworksBuildPhase;
			buildActionMask = 2147483647;
			files = (
				3FAABE5D647A5D263B9CCFD6 /* Pods_LiveTranslateOffline.framework in Frameworks */,
				451CB15B2D2DF5AF00EAF2A7 /* GoogleDataTransport.framework in Frameworks */,
				451CB15D2D2DF5AF00EAF2A7 /* GoogleToolboxForMac.framework in Frameworks */,
				451CB15F2D2DF5AF00EAF2A7 /* GoogleUtilities.framework in Frameworks */,
				451CB1612D2DF5AF00EAF2A7 /* GTMSessionFetcher.framework in Frameworks */,
				451CB1632D2DF5AF00EAF2A7 /* nanopb.framework in Frameworks */,
				451CB1652D2DF5AF00EAF2A7 /* FBLPromises.framework in Frameworks */,
				451CB1672D2DF5AF00EAF2A7 /* SSZipArchive.framework in Frameworks */,
				45859B582D2DE57F00AD6E39 /* onnxruntime.xcframework in Frameworks */,
				45859B5B2D2DE58000AD6E39 /* sherpa-onnx.xcframework in Frameworks */,
			);
			runOnlyForDeploymentPostprocessing = 0;
		};
/* End PBXFrameworksBuildPhase section */

/* Begin PBXGroup section */
		12F77E74F225DE8A05EF3CCB /* Pods */ = {
			isa = PBXGroup;
			children = (
				611B8528A8E1734BFE74AFCA /* Pods-LiveTranslateOffline.debug.xcconfig */,
				84A06E5A41DC3F63860F527F /* Pods-LiveTranslateOffline.release.xcconfig */,
			);
			path = Pods;
			sourceTree = "<group>";
		};
		45859B342D2DE3C700AD6E39 = {
			isa = PBXGroup;
			children = (
				45859B532D2DE56700AD6E39 /* Frameworks */,
				45859B3F2D2DE3C700AD6E39 /* LiveTranslateOffline */,
				45859B3E2D2DE3C700AD6E39 /* Products */,
				12F77E74F225DE8A05EF3CCB /* Pods */,
			);
			sourceTree = "<group>";
		};
		45859B3E2D2DE3C700AD6E39 /* Products */ = {
			isa = PBXGroup;
			children = (
				45859B3D2D2DE3C700AD6E39 /* LiveTranslateOffline.app */,
			);
			name = Products;
			sourceTree = "<group>";
		};
		45859B3F2D2DE3C700AD6E39 /* LiveTranslateOffline */ = {
			isa = PBXGroup;
			children = (
				45859B702D2DEFDF00AD6E39 /* Info.plist */,
				45859B6C2D2DEBD600AD6E39 /* silero_vad.onnx */,
				459ABF1D2D2DF8C20075EF9C /* base-decoder.int8.onnx */,
				459ABF1C2D2DF8BF0075EF9C /* base-encoder.int8.onnx */,
				459ABF202D2DF8C40075EF9C /* base-tokens.txt */,
				45859B402D2DE3C700AD6E39 /* LiveTranslateOfflineApp.swift */,
				45859B422D2DE3C700AD6E39 /* ContentView.swift */,
				45859B442D2DE3C700AD6E39 /* Assets.xcassets */,
				45859B492D2DE3C700AD6E39 /* LiveTranslateOffline.entitlements */,
				45859B462D2DE3C700AD6E39 /* Preview Content */,
				45859B5D2D2DE5A100AD6E39 /* Sherpa.swift */,
				45859B5F2D2DE67500AD6E39 /* Bridge.h */,
				45859B602D2DE7DC00AD6E39 /* Models.swift */,
				45859B682D2DE97C00AD6E39 /* SourceLanguage.swift */,
				45859B6A2D2DEA6A00AD6E39 /* WhisperVADProcessor.swift */,
			);
			path = LiveTranslateOffline;
			sourceTree = "<group>";
		};
		45859B462D2DE3C700AD6E39 /* Preview Content */ = {
			isa = PBXGroup;
			children = (
				45859B472D2DE3C700AD6E39 /* Preview Assets.xcassets */,
			);
			path = "Preview Content";
			sourceTree = "<group>";
		};
		45859B532D2DE56700AD6E39 /* Frameworks */ = {
			isa = PBXGroup;
			children = (
				451CB15A2D2DF5AF00EAF2A7 /* GoogleDataTransport.framework */,
				451CB15C2D2DF5AF00EAF2A7 /* GoogleToolboxForMac.framework */,
				451CB15E2D2DF5AF00EAF2A7 /* GoogleUtilities.framework */,
				451CB1602D2DF5AF00EAF2A7 /* GTMSessionFetcher.framework */,
				451CB1622D2DF5AF00EAF2A7 /* nanopb.framework */,
				451CB1642D2DF5AF00EAF2A7 /* FBLPromises.framework */,
				451CB1662D2DF5AF00EAF2A7 /* SSZipArchive.framework */,
				45859B542D2DE57400AD6E39 /* onnxruntime.xcframework */,
				45859B552D2DE57500AD6E39 /* sherpa-onnx.xcframework */,
				27177996F9086F194A298A85 /* Pods_LiveTranslateOffline.framework */,
			);
			path = Frameworks;
			sourceTree = "<group>";
		};
/* End PBXGroup section */

/* Begin PBXNativeTarget section */
		45859B3C2D2DE3C700AD6E39 /* LiveTranslateOffline */ = {
			isa = PBXNativeTarget;
			buildConfigurationList = 45859B4C2D2DE3C700AD6E39 /* Build configuration list for PBXNativeTarget "LiveTranslateOffline" */;
			buildPhases = (
				F5D537736CA2331D8B97331B /* [CP] Check Pods Manifest.lock */,
				45859B392D2DE3C700AD6E39 /* Sources */,
				45859B3A2D2DE3C700AD6E39 /* Frameworks */,
				45859B3B2D2DE3C700AD6E39 /* Resources */,
				45859B5A2D2DE57F00AD6E39 /* Embed Frameworks */,
				89C3EFA165A6A1A059BEDDF3 /* [CP] Embed Pods Frameworks */,
				7CC6769BC638BEE08E1A1022 /* [CP] Copy Pods Resources */,
			);
			buildRules = (
			);
			dependencies = (
			);
			name = LiveTranslateOffline;
			productName = LiveTranslateOffline;
			productReference = 45859B3D2D2DE3C700AD6E39 /* LiveTranslateOffline.app */;
			productType = "com.apple.product-type.application";
		};
/* End PBXNativeTarget section */

/* Begin PBXProject section */
		45859B352D2DE3C700AD6E39 /* Project object */ = {
			isa = PBXProject;
			attributes = {
				BuildIndependentTargetsInParallel = 1;
				LastSwiftUpdateCheck = 1540;
				LastUpgradeCheck = 1540;
				TargetAttributes = {
					45859B3C2D2DE3C700AD6E39 = {
						CreatedOnToolsVersion = 15.4;
					};
				};
			};
			buildConfigurationList = 45859B382D2DE3C700AD6E39 /* Build configuration list for PBXProject "LiveTranslateOffline" */;
			compatibilityVersion = "Xcode 14.0";
			developmentRegion = en;
			hasScannedForEncodings = 0;
			knownRegions = (
				en,
				Base,
			);
			mainGroup = 45859B342D2DE3C700AD6E39;
			productRefGroup = 45859B3E2D2DE3C700AD6E39 /* Products */;
			projectDirPath = "";
			projectRoot = "";
			targets = (
				45859B3C2D2DE3C700AD6E39 /* LiveTranslateOffline */,
			);
		};
/* End PBXProject section */

/* Begin PBXResourcesBuildPhase section */
		45859B3B2D2DE3C700AD6E39 /* Resources */ = {
			isa = PBXResourcesBuildPhase;
			buildActionMask = 2147483647;
			files = (
				459ABF1E2D2DF8C20075EF9C /* base-encoder.int8.onnx in Resources */,
				459ABF1F2D2DF8C20075EF9C /* base-decoder.int8.onnx in Resources */,
				45859B482D2DE3C700AD6E39 /* Preview Assets.xcassets in Resources */,
				459ABF212D2DF8C40075EF9C /* base-tokens.txt in Resources */,
				45859B452D2DE3C700AD6E39 /* Assets.xcassets in Resources */,
				45859B6D2D2DEBD600AD6E39 /* silero_vad.onnx in Resources */,
			);
			runOnlyForDeploymentPostprocessing = 0;
		};
/* End PBXResourcesBuildPhase section */

/* Begin PBXShellScriptBuildPhase section */
		7CC6769BC638BEE08E1A1022 /* [CP] Copy Pods Resources */ = {
			isa = PBXShellScriptBuildPhase;
			buildActionMask = 2147483647;
			files = (
			);
			inputFileListPaths = (
				"${PODS_ROOT}/Target Support Files/Pods-LiveTranslateOffline/Pods-LiveTranslateOffline-resources-${CONFIGURATION}-input-files.xcfilelist",
			);
			name = "[CP] Copy Pods Resources";
			outputFileListPaths = (
				"${PODS_ROOT}/Target Support Files/Pods-LiveTranslateOffline/Pods-LiveTranslateOffline-resources-${CONFIGURATION}-output-files.xcfilelist",
			);
			runOnlyForDeploymentPostprocessing = 0;
			shellPath = /bin/sh;
			shellScript = "\"${PODS_ROOT}/Target Support Files/Pods-LiveTranslateOffline/Pods-LiveTranslateOffline-resources.sh\"\n";
			showEnvVarsInLog = 0;
		};
		89C3EFA165A6A1A059BEDDF3 /* [CP] Embed Pods Frameworks */ = {
			isa = PBXShellScriptBuildPhase;
			buildActionMask = 2147483647;
			files = (
			);
			inputFileListPaths = (
				"${PODS_ROOT}/Target Support Files/Pods-LiveTranslateOffline/Pods-LiveTranslateOffline-frameworks-${CONFIGURATION}-input-files.xcfilelist",
			);
			name = "[CP] Embed Pods Frameworks";
			outputFileListPaths = (
				"${PODS_ROOT}/Target Support Files/Pods-LiveTranslateOffline/Pods-LiveTranslateOffline-frameworks-${CONFIGURATION}-output-files.xcfilelist",
			);
			runOnlyForDeploymentPostprocessing = 0;
			shellPath = /bin/sh;
			shellScript = "\"${PODS_ROOT}/Target Support Files/Pods-LiveTranslateOffline/Pods-LiveTranslateOffline-frameworks.sh\"\n";
			showEnvVarsInLog = 0;
		};
		F5D537736CA2331D8B97331B /* [CP] Check Pods Manifest.lock */ = {
			isa = PBXShellScriptBuildPhase;
			buildActionMask = 2147483647;
			files = (
			);
			inputFileListPaths = (
			);
			inputPaths = (
				"${PODS_PODFILE_DIR_PATH}/Podfile.lock",
				"${PODS_ROOT}/Manifest.lock",
			);
			name = "[CP] Check Pods Manifest.lock";
			outputFileListPaths = (
			);
			outputPaths = (
				"$(DERIVED_FILE_DIR)/Pods-LiveTranslateOffline-checkManifestLockResult.txt",
			);
			runOnlyForDeploymentPostprocessing = 0;
			shellPath = /bin/sh;
			shellScript = "diff \"${PODS_PODFILE_DIR_PATH}/Podfile.lock\" \"${PODS_ROOT}/Manifest.lock\" > /dev/null\nif [ $? != 0 ] ; then\n    # print error to STDERR\n    echo \"error: The sandbox is not in sync with the Podfile.lock. Run 'pod install' or update your CocoaPods installation.\" >&2\n    exit 1\nfi\n# This output is used by Xcode 'outputs' to avoid re-running this script phase.\necho \"SUCCESS\" > \"${SCRIPT_OUTPUT_FILE_0}\"\n";
			showEnvVarsInLog = 0;
		};
/* End PBXShellScriptBuildPhase section */

/* Begin PBXSourcesBuildPhase section */
		45859B392D2DE3C700AD6E39 /* Sources */ = {
			isa = PBXSourcesBuildPhase;
			buildActionMask = 2147483647;
			files = (
				45859B432D2DE3C700AD6E39 /* ContentView.swift in Sources */,
				45859B6B2D2DEA6A00AD6E39 /* WhisperVADProcessor.swift in Sources */,
				45859B5E2D2DE5A100AD6E39 /* Sherpa.swift in Sources */,
				45859B692D2DE97C00AD6E39 /* SourceLanguage.swift in Sources */,
				45859B412D2DE3C700AD6E39 /* LiveTranslateOfflineApp.swift in Sources */,
				45859B612D2DE7DC00AD6E39 /* Models.swift in Sources */,
			);
			runOnlyForDeploymentPostprocessing = 0;
		};
/* End PBXSourcesBuildPhase section */

/* Begin XCBuildConfiguration section */
		45859B4A2D2DE3C700AD6E39 /* Debug */ = {
			isa = XCBuildConfiguration;
			buildSettings = {
				ALWAYS_SEARCH_USER_PATHS = NO;
				ASSETCATALOG_COMPILER_GENERATE_SWIFT_ASSET_SYMBOL_EXTENSIONS = YES;
				CLANG_ANALYZER_NONNULL = YES;
				CLANG_ANALYZER_NUMBER_OBJECT_CONVERSION = YES_AGGRESSIVE;
				CLANG_CXX_LANGUAGE_STANDARD = "gnu++20";
				CLANG_ENABLE_MODULES = YES;
				CLANG_ENABLE_OBJC_ARC = YES;
				CLANG_ENABLE_OBJC_WEAK = YES;
				CLANG_WARN_BLOCK_CAPTURE_AUTORELEASING = YES;
				CLANG_WARN_BOOL_CONVERSION = YES;
				CLANG_WARN_COMMA = YES;
				CLANG_WARN_CONSTANT_CONVERSION = YES;
				CLANG_WARN_DEPRECATED_OBJC_IMPLEMENTATIONS = YES;
				CLANG_WARN_DIRECT_OBJC_ISA_USAGE = YES_ERROR;
				CLANG_WARN_DOCUMENTATION_COMMENTS = YES;
				CLANG_WARN_EMPTY_BODY = YES;
				CLANG_WARN_ENUM_CONVERSION = YES;
				CLANG_WARN_INFINITE_RECURSION = YES;
				CLANG_WARN_INT_CONVERSION = YES;
				CLANG_WARN_NON_LITERAL_NULL_CONVERSION = YES;
				CLANG_WARN_OBJC_IMPLICIT_RETAIN_SELF = YES;
				CLANG_WARN_OBJC_LITERAL_CONVERSION = YES;
				CLANG_WARN_OBJC_ROOT_CLASS = YES_ERROR;
				CLANG_WARN_QUOTED_INCLUDE_IN_FRAMEWORK_HEADER = YES;
				CLANG_WARN_RANGE_LOOP_ANALYSIS = YES;
				CLANG_WARN_STRICT_PROTOTYPES = YES;
				CLANG_WARN_SUSPICIOUS_MOVE = YES;
				CLANG_WARN_UNGUARDED_AVAILABILITY = YES_AGGRESSIVE;
				CLANG_WARN_UNREACHABLE_CODE = YES;
				CLANG_WARN__DUPLICATE_METHOD_MATCH = YES;
				COPY_PHASE_STRIP = NO;
				DEBUG_INFORMATION_FORMAT = dwarf;
				ENABLE_STRICT_OBJC_MSGSEND = YES;
				ENABLE_TESTABILITY = YES;
				ENABLE_USER_SCRIPT_SANDBOXING = YES;
				GCC_C_LANGUAGE_STANDARD = gnu17;
				GCC_DYNAMIC_NO_PIC = NO;
				GCC_NO_COMMON_BLOCKS = YES;
				GCC_OPTIMIZATION_LEVEL = 0;
				GCC_PREPROCESSOR_DEFINITIONS = (
					"DEBUG=1",
					"$(inherited)",
				);
				GCC_WARN_64_TO_32_BIT_CONVERSION = YES;
				GCC_WARN_ABOUT_RETURN_TYPE = YES_ERROR;
				GCC_WARN_UNDECLARED_SELECTOR = YES;
				GCC_WARN_UNINITIALIZED_AUTOS = YES_AGGRESSIVE;
				GCC_WARN_UNUSED_FUNCTION = YES;
				GCC_WARN_UNUSED_VARIABLE = YES;
				IPHONEOS_DEPLOYMENT_TARGET = 17.5;
				LOCALIZATION_PREFERS_STRING_CATALOGS = YES;
				MACOSX_DEPLOYMENT_TARGET = 14.1;
				MTL_ENABLE_DEBUG_INFO = INCLUDE_SOURCE;
				MTL_FAST_MATH = YES;
				ONLY_ACTIVE_ARCH = YES;
				SDKROOT = iphoneos;
				SWIFT_ACTIVE_COMPILATION_CONDITIONS = "DEBUG $(inherited)";
				SWIFT_OPTIMIZATION_LEVEL = "-Onone";
			};
			name = Debug;
		};
		45859B4B2D2DE3C700AD6E39 /* Release */ = {
			isa = XCBuildConfiguration;
			buildSettings = {
				ALWAYS_SEARCH_USER_PATHS = NO;
				ASSETCATALOG_COMPILER_GENERATE_SWIFT_ASSET_SYMBOL_EXTENSIONS = YES;
				CLANG_ANALYZER_NONNULL = YES;
				CLANG_ANALYZER_NUMBER_OBJECT_CONVERSION = YES_AGGRESSIVE;
				CLANG_CXX_LANGUAGE_STANDARD = "gnu++20";
				CLANG_ENABLE_MODULES = YES;
				CLANG_ENABLE_OBJC_ARC = YES;
				CLANG_ENABLE_OBJC_WEAK = YES;
				CLANG_WARN_BLOCK_CAPTURE_AUTORELEASING = YES;
				CLANG_WARN_BOOL_CONVERSION = YES;
				CLANG_WARN_COMMA = YES;
				CLANG_WARN_CONSTANT_CONVERSION = YES;
				CLANG_WARN_DEPRECATED_OBJC_IMPLEMENTATIONS = YES;
				CLANG_WARN_DIRECT_OBJC_ISA_USAGE = YES_ERROR;
				CLANG_WARN_DOCUMENTATION_COMMENTS = YES;
				CLANG_WARN_EMPTY_BODY = YES;
				CLANG_WARN_ENUM_CONVERSION = YES;
				CLANG_WARN_INFINITE_RECURSION = YES;
				CLANG_WARN_INT_CONVERSION = YES;
				CLANG_WARN_NON_LITERAL_NULL_CONVERSION = YES;
				CLANG_WARN_OBJC_IMPLICIT_RETAIN_SELF = YES;
				CLANG_WARN_OBJC_LITERAL_CONVERSION = YES;
				CLANG_WARN_OBJC_ROOT_CLASS = YES_ERROR;
				CLANG_WARN_QUOTED_INCLUDE_IN_FRAMEWORK_HEADER = YES;
				CLANG_WARN_RANGE_LOOP_ANALYSIS = YES;
				CLANG_WARN_STRICT_PROTOTYPES = YES;
				CLANG_WARN_SUSPICIOUS_MOVE = YES;
				CLANG_WARN_UNGUARDED_AVAILABILITY = YES_AGGRESSIVE;
				CLANG_WARN_UNREACHABLE_CODE = YES;
				CLANG_WARN__DUPLICATE_METHOD_MATCH = YES;
				COPY_PHASE_STRIP = NO;
				DEBUG_INFORMATION_FORMAT = "dwarf-with-dsym";
				ENABLE_NS_ASSERTIONS = NO;
				ENABLE_STRICT_OBJC_MSGSEND = YES;
				ENABLE_USER_SCRIPT_SANDBOXING = YES;
				GCC_C_LANGUAGE_STANDARD = gnu17;
				GCC_NO_COMMON_BLOCKS = YES;
				GCC_WARN_64_TO_32_BIT_CONVERSION = YES;
				GCC_WARN_ABOUT_RETURN_TYPE = YES_ERROR;
				GCC_WARN_UNDECLARED_SELECTOR = YES;
				GCC_WARN_UNINITIALIZED_AUTOS = YES_AGGRESSIVE;
				GCC_WARN_UNUSED_FUNCTION = YES;
				GCC_WARN_UNUSED_VARIABLE = YES;
				IPHONEOS_DEPLOYMENT_TARGET = 17.5;
				LOCALIZATION_PREFERS_STRING_CATALOGS = YES;
				MACOSX_DEPLOYMENT_TARGET = 14.1;
				MTL_ENABLE_DEBUG_INFO = NO;
				MTL_FAST_MATH = YES;
				SDKROOT = iphoneos;
				SWIFT_COMPILATION_MODE = wholemodule;
			};
			name = Release;
		};
		45859B4D2D2DE3C700AD6E39 /* Debug */ = {
			isa = XCBuildConfiguration;
			baseConfigurationReference = 611B8528A8E1734BFE74AFCA /* Pods-LiveTranslateOffline.debug.xcconfig */;
			buildSettings = {
				ASSETCATALOG_COMPILER_APPICON_NAME = AppIcon;
				ASSETCATALOG_COMPILER_GLOBAL_ACCENT_COLOR_NAME = AccentColor;
				CODE_SIGN_ENTITLEMENTS = LiveTranslateOffline/LiveTranslateOffline.entitlements;
				CODE_SIGN_STYLE = Automatic;
				COMBINE_HIDPI_IMAGES = YES;
				CURRENT_PROJECT_VERSION = 1;
				DEVELOPMENT_ASSET_PATHS = "\"LiveTranslateOffline/Preview Content\"";
				DEVELOPMENT_TEAM = 29RMTVJVXL;
				ENABLE_HARDENED_RUNTIME = YES;
				"ENABLE_HARDENED_RUNTIME[sdk=macosx*]" = YES;
				ENABLE_PREVIEWS = YES;
				ENABLE_USER_SCRIPT_SANDBOXING = NO;
				GENERATE_INFOPLIST_FILE = YES;
				HEADER_SEARCH_PATHS = "${PROJECT_DIR}/Frameworks/sherpa-onnx.xcframework/Headers/";
				INFOPLIST_KEY_NSHumanReadableCopyright = "";
				INFOPLIST_KEY_NSMicrophoneUsageDescription = "Need mic";
				LD_RUNPATH_SEARCH_PATHS = (
					"$(inherited)",
					"@executable_path/../Frameworks",
				);
				MARKETING_VERSION = 1.0;
				OTHER_LDFLAGS = (
					"-lc++",
					"$(inherited)",
					"$(inherited)",
					"$(inherited)",
				);
				PRODUCT_BUNDLE_IDENTIFIER = "com.nonty.live-translate.LiveTranslateOffline";
				PRODUCT_NAME = "$(TARGET_NAME)";
				SUPPORTED_PLATFORMS = "iphoneos iphonesimulator";
				SUPPORTS_MACCATALYST = NO;
				SWIFT_EMIT_LOC_STRINGS = YES;
				SWIFT_OBJC_BRIDGING_HEADER = "${PROJECT_DIR}/LiveTranslateOffline/Bridge.h";
				SWIFT_VERSION = 5.0;
				TARGETED_DEVICE_FAMILY = 1;
			};
			name = Debug;
		};
		45859B4E2D2DE3C700AD6E39 /* Release */ = {
			isa = XCBuildConfiguration;
			baseConfigurationReference = 84A06E5A41DC3F63860F527F /* Pods-LiveTranslateOffline.release.xcconfig */;
			buildSettings = {
				ASSETCATALOG_COMPILER_APPICON_NAME = AppIcon;
				ASSETCATALOG_COMPILER_GLOBAL_ACCENT_COLOR_NAME = AccentColor;
				CODE_SIGN_ENTITLEMENTS = LiveTranslateOffline/LiveTranslateOffline.entitlements;
				CODE_SIGN_STYLE = Automatic;
				COMBINE_HIDPI_IMAGES = YES;
				CURRENT_PROJECT_VERSION = 1;
				DEVELOPMENT_ASSET_PATHS = "\"LiveTranslateOffline/Preview Content\"";
				DEVELOPMENT_TEAM = 29RMTVJVXL;
				ENABLE_HARDENED_RUNTIME = YES;
				"ENABLE_HARDENED_RUNTIME[sdk=macosx*]" = YES;
				ENABLE_PREVIEWS = YES;
				ENABLE_USER_SCRIPT_SANDBOXING = NO;
				GENERATE_INFOPLIST_FILE = YES;
				HEADER_SEARCH_PATHS = "${PROJECT_DIR}/Frameworks/sherpa-onnx.xcframework/Headers/";
				INFOPLIST_KEY_NSHumanReadableCopyright = "";
				INFOPLIST_KEY_NSMicrophoneUsageDescription = "Need mic";
				LD_RUNPATH_SEARCH_PATHS = (
					"$(inherited)",
					"@executable_path/../Frameworks",
				);
				MARKETING_VERSION = 1.0;
				OTHER_LDFLAGS = (
					"-lc++",
					"$(inherited)",
					"$(inherited)",
					"$(inherited)",
				);
				PRODUCT_BUNDLE_IDENTIFIER = "com.nonty.live-translate.LiveTranslateOffline";
				PRODUCT_NAME = "$(TARGET_NAME)";
				SUPPORTED_PLATFORMS = "iphoneos iphonesimulator";
				SUPPORTS_MACCATALYST = NO;
				SWIFT_EMIT_LOC_STRINGS = YES;
				SWIFT_OBJC_BRIDGING_HEADER = "${PROJECT_DIR}/LiveTranslateOffline/Bridge.h";
				SWIFT_VERSION = 5.0;
				TARGETED_DEVICE_FAMILY = 1;
			};
			name = Release;
		};
/* End XCBuildConfiguration section */

/* Begin XCConfigurationList section */
		45859B382D2DE3C700AD6E39 /* Build configuration list for PBXProject "LiveTranslateOffline" */ = {
			isa = XCConfigurationList;
			buildConfigurations = (
				45859B4A2D2DE3C700AD6E39 /* Debug */,
				45859B4B2D2DE3C700AD6E39 /* Release */,
			);
			defaultConfigurationIsVisible = 0;
			defaultConfigurationName = Release;
		};
		45859B4C2D2DE3C700AD6E39 /* Build configuration list for PBXNativeTarget "LiveTranslateOffline" */ = {
			isa = XCConfigurationList;
			buildConfigurations = (
				45859B4D2D2DE3C700AD6E39 /* Debug */,
				45859B4E2D2DE3C700AD6E39 /* Release */,
			);
			defaultConfigurationIsVisible = 0;
			defaultConfigurationName = Release;
		};
/* End XCConfigurationList section */
	};
	rootObject = 45859B352D2DE3C700AD6E39 /* Project object */;
}
